
Microsoft Visual Studio Solution File, Format Version 12.00
Project("{FAE04EC0-301F-11D3-BF4B-00C04F79EFBC}") = "OnnxStack.Core", "OnnxStack.Core\OnnxStack.Core.csproj", "{D05A6B4D-A906-482D-9A12-42346FFA9159}"
EndProject
Project("{FAE04EC0-301F-11D3-BF4B-00C04F79EFBC}") = "OnnxStack.StableDiffusion", "OnnxStack.StableDiffusion\OnnxStack.StableDiffusion.csproj", "{93F03618-9D5D-40E3-A565-729D72B164BB}"
EndProject
Project("{FAE04EC0-301F-11D3-BF4B-00C04F79EFBC}") = "OnnxStack.IntegrationTests", "OnnxStack.IntegrationTests\OnnxStack.IntegrationTests.csproj", "{9336EF88-5290-451F-972C-CF9550EF545D}"
EndProject
Project("{2150E333-8FDC-42A3-9474-1A3956D46DE8}") = "SolutionItems", "SolutionItems", "{556184C8-7C99-4F06-86EF-EAAF52165252}"
	ProjectSection(SolutionItems) = preProject
		Dockerfile = Dockerfile
		.dockerignore = .dockerignore
		.gitignore = .gitignore
		docker-compose.yml = docker-compose.yml
	EndProjectSection
EndProject
Global
	GlobalSection(SolutionConfigurationPlatforms) = preSolution
		Debug|Any CPU = Debug|Any CPU
		Release|Any CPU = Release|Any CPU
	EndGlobalSection
	GlobalSection(ProjectConfigurationPlatforms) = postSolution
		{D05A6B4D-A906-482D-9A12-42346FFA9159}.Debug|Any CPU.ActiveCfg = Debug|Any CPU
		{D05A6B4D-A906-482D-9A12-42346FFA9159}.Debug|Any CPU.Build.0 = Debug|Any CPU
		{D05A6B4D-A906-482D-9A12-42346FFA9159}.Release|Any CPU.ActiveCfg = Release|Any CPU
		{D05A6B4D-A906-482D-9A12-42346FFA9159}.Release|Any CPU.Build.0 = Release|Any CPU
		{93F03618-9D5D-40E3-A565-729D72B164BB}.Debug|Any CPU.ActiveCfg = Debug|Any CPU
		{93F03618-9D5D-40E3-A565-729D72B164BB}.Debug|Any CPU.Build.0 = Debug|Any CPU
		{93F03618-9D5D-40E3-A565-729D72B164BB}.Release|Any CPU.ActiveCfg = Release|Any CPU
		{93F03618-9D5D-40E3-A565-729D72B164BB}.Release|Any CPU.Build.0 = Release|Any CPU
		{9336EF88-5290-451F-972C-CF9550EF545D}.Debug|Any CPU.ActiveCfg = Debug|Any CPU
		{9336EF88-5290-451F-972C-CF9550EF545D}.Debug|Any CPU.Build.0 = Debug|Any CPU
		{9336EF88-5290-451F-972C-CF9550EF545D}.Release|Any CPU.ActiveCfg = Release|Any CPU
		{9336EF88-5290-451F-972C-CF9550EF545D}.Release|Any CPU.Build.0 = Release|Any CPU
	EndGlobalSection
EndGlobal
