
Microsoft Visual Studio Solution File, Format Version 12.00
# Visual Studio Version 17
VisualStudioVersion = 17.7.34024.191
MinimumVisualStudioVersion = 10.0.40219.1
Project("{9A19103F-16F7-4668-BE54-9A1E7A4F7556}") = "OnnxStack.Core", "OnnxStack.Core\OnnxStack.Core.csproj", "{02404CEB-207F-4D19-894C-11D51394F1D5}"
EndProject
Project("{9A19103F-16F7-4668-BE54-9A1E7A4F7556}") = "OnnxStack.StableDiffusion", "OnnxStack.StableDiffusion\OnnxStack.StableDiffusion.csproj", "{EA1F61D0-490B-42EC-96F5-7DCCAB94457A}"
EndProject
Project("{9A19103F-16F7-4668-BE54-9A1E7A4F7556}") = "OnnxStack.Console", "OnnxStack.Console\OnnxStack.Console.csproj", "{46A43C80-A440-4461-B7EB-81FA998FB24B}"
EndProject
Project("{9A19103F-16F7-4668-BE54-9A1E7A4F7556}") = "OnnxStack.UI", "OnnxStack.UI\OnnxStack.UI.csproj", "{85BB1855-8C3B-4049-A2DD-1130FA6CD846}"
EndProject
Project("{9A19103F-16F7-4668-BE54-9A1E7A4F7556}") = "OnnxStack.ImageUpscaler", "OnnxStack.ImageUpscaler\OnnxStack.ImageUpscaler.csproj", "{A33D08BF-7881-4910-8439-5AE46646C1DD}"
EndProject
Global
	GlobalSection(SolutionConfigurationPlatforms) = preSolution
		Debug|Any CPU = Debug|Any CPU
		Debug-Cuda|Any CPU = Debug-Cuda|Any CPU
		Debug-DirectML|Any CPU = Debug-DirectML|Any CPU
		Debug-TensorRT|Any CPU = Debug-TensorRT|Any CPU
		Release|Any CPU = Release|Any CPU
		Release-Cuda|Any CPU = Release-Cuda|Any CPU
		Release-DirectML|Any CPU = Release-DirectML|Any CPU
		Release-TensorRT|Any CPU = Release-TensorRT|Any CPU
	EndGlobalSection
	GlobalSection(ProjectConfigurationPlatforms) = postSolution
		{02404CEB-207F-4D19-894C-11D51394F1D5}.Debug|Any CPU.ActiveCfg = Debug|Any CPU
		{02404CEB-207F-4D19-894C-11D51394F1D5}.Debug|Any CPU.Build.0 = Debug|Any CPU
		{02404CEB-207F-4D19-894C-11D51394F1D5}.Debug-Cuda|Any CPU.ActiveCfg = Debug|Any CPU
		{02404CEB-207F-4D19-894C-11D51394F1D5}.Debug-Cuda|Any CPU.Build.0 = Debug|Any CPU
		{02404CEB-207F-4D19-894C-11D51394F1D5}.Debug-DirectML|Any CPU.ActiveCfg = Debug|Any CPU
		{02404CEB-207F-4D19-894C-11D51394F1D5}.Debug-DirectML|Any CPU.Build.0 = Debug|Any CPU
		{02404CEB-207F-4D19-894C-11D51394F1D5}.Debug-TensorRT|Any CPU.ActiveCfg = Debug|Any CPU
		{02404CEB-207F-4D19-894C-11D51394F1D5}.Debug-TensorRT|Any CPU.Build.0 = Debug|Any CPU
		{02404CEB-207F-4D19-894C-11D51394F1D5}.Release|Any CPU.ActiveCfg = Debug|Any CPU
		{02404CEB-207F-4D19-894C-11D51394F1D5}.Release|Any CPU.Build.0 = Debug|Any CPU
		{02404CEB-207F-4D19-894C-11D51394F1D5}.Release-Cuda|Any CPU.ActiveCfg = Release|Any CPU
		{02404CEB-207F-4D19-894C-11D51394F1D5}.Release-Cuda|Any CPU.Build.0 = Release|Any CPU
		{02404CEB-207F-4D19-894C-11D51394F1D5}.Release-DirectML|Any CPU.ActiveCfg = Release|Any CPU
		{02404CEB-207F-4D19-894C-11D51394F1D5}.Release-DirectML|Any CPU.Build.0 = Release|Any CPU
		{02404CEB-207F-4D19-894C-11D51394F1D5}.Release-TensorRT|Any CPU.ActiveCfg = Release|Any CPU
		{02404CEB-207F-4D19-894C-11D51394F1D5}.Release-TensorRT|Any CPU.Build.0 = Release|Any CPU
		{EA1F61D0-490B-42EC-96F5-7DCCAB94457A}.Debug|Any CPU.ActiveCfg = Debug|Any CPU
		{EA1F61D0-490B-42EC-96F5-7DCCAB94457A}.Debug|Any CPU.Build.0 = Debug|Any CPU
		{EA1F61D0-490B-42EC-96F5-7DCCAB94457A}.Debug-Cuda|Any CPU.ActiveCfg = Debug|Any CPU
		{EA1F61D0-490B-42EC-96F5-7DCCAB94457A}.Debug-Cuda|Any CPU.Build.0 = Debug|Any CPU
		{EA1F61D0-490B-42EC-96F5-7DCCAB94457A}.Debug-DirectML|Any CPU.ActiveCfg = Debug|Any CPU
		{EA1F61D0-490B-42EC-96F5-7DCCAB94457A}.Debug-DirectML|Any CPU.Build.0 = Debug|Any CPU
		{EA1F61D0-490B-42EC-96F5-7DCCAB94457A}.Debug-TensorRT|Any CPU.ActiveCfg = Debug|Any CPU
		{EA1F61D0-490B-42EC-96F5-7DCCAB94457A}.Debug-TensorRT|Any CPU.Build.0 = Debug|Any CPU
		{EA1F61D0-490B-42EC-96F5-7DCCAB94457A}.Release|Any CPU.ActiveCfg = Debug|Any CPU
		{EA1F61D0-490B-42EC-96F5-7DCCAB94457A}.Release|Any CPU.Build.0 = Debug|Any CPU
		{EA1F61D0-490B-42EC-96F5-7DCCAB94457A}.Release-Cuda|Any CPU.ActiveCfg = Release|Any CPU
		{EA1F61D0-490B-42EC-96F5-7DCCAB94457A}.Release-Cuda|Any CPU.Build.0 = Release|Any CPU
		{EA1F61D0-490B-42EC-96F5-7DCCAB94457A}.Release-DirectML|Any CPU.ActiveCfg = Release|Any CPU
		{EA1F61D0-490B-42EC-96F5-7DCCAB94457A}.Release-DirectML|Any CPU.Build.0 = Release|Any CPU
		{EA1F61D0-490B-42EC-96F5-7DCCAB94457A}.Release-TensorRT|Any CPU.ActiveCfg = Release|Any CPU
		{EA1F61D0-490B-42EC-96F5-7DCCAB94457A}.Release-TensorRT|Any CPU.Build.0 = Release|Any CPU
		{46A43C80-A440-4461-B7EB-81FA998FB24B}.Debug|Any CPU.ActiveCfg = Debug|Any CPU
		{46A43C80-A440-4461-B7EB-81FA998FB24B}.Debug|Any CPU.Build.0 = Debug|Any CPU
		{46A43C80-A440-4461-B7EB-81FA998FB24B}.Debug-Cuda|Any CPU.ActiveCfg = Debug|Any CPU
		{46A43C80-A440-4461-B7EB-81FA998FB24B}.Debug-Cuda|Any CPU.Build.0 = Debug|Any CPU
		{46A43C80-A440-4461-B7EB-81FA998FB24B}.Debug-DirectML|Any CPU.ActiveCfg = Debug|Any CPU
		{46A43C80-A440-4461-B7EB-81FA998FB24B}.Debug-DirectML|Any CPU.Build.0 = Debug|Any CPU
		{46A43C80-A440-4461-B7EB-81FA998FB24B}.Debug-TensorRT|Any CPU.ActiveCfg = Debug|Any CPU
		{46A43C80-A440-4461-B7EB-81FA998FB24B}.Debug-TensorRT|Any CPU.Build.0 = Debug|Any CPU
		{46A43C80-A440-4461-B7EB-81FA998FB24B}.Release|Any CPU.ActiveCfg = Debug|Any CPU
		{46A43C80-A440-4461-B7EB-81FA998FB24B}.Release|Any CPU.Build.0 = Debug|Any CPU
		{46A43C80-A440-4461-B7EB-81FA998FB24B}.Release-Cuda|Any CPU.ActiveCfg = Release|Any CPU
		{46A43C80-A440-4461-B7EB-81FA998FB24B}.Release-Cuda|Any CPU.Build.0 = Release|Any CPU
		{46A43C80-A440-4461-B7EB-81FA998FB24B}.Release-DirectML|Any CPU.ActiveCfg = Release|Any CPU
		{46A43C80-A440-4461-B7EB-81FA998FB24B}.Release-DirectML|Any CPU.Build.0 = Release|Any CPU
		{46A43C80-A440-4461-B7EB-81FA998FB24B}.Release-TensorRT|Any CPU.ActiveCfg = Release|Any CPU
		{46A43C80-A440-4461-B7EB-81FA998FB24B}.Release-TensorRT|Any CPU.Build.0 = Release|Any CPU
		{85BB1855-8C3B-4049-A2DD-1130FA6CD846}.Debug|Any CPU.ActiveCfg = Debug|Any CPU
		{85BB1855-8C3B-4049-A2DD-1130FA6CD846}.Debug|Any CPU.Build.0 = Debug|Any CPU
		{85BB1855-8C3B-4049-A2DD-1130FA6CD846}.Debug-Cuda|Any CPU.ActiveCfg = Debug-Cuda|Any CPU
		{85BB1855-8C3B-4049-A2DD-1130FA6CD846}.Debug-Cuda|Any CPU.Build.0 = Debug-Cuda|Any CPU
		{85BB1855-8C3B-4049-A2DD-1130FA6CD846}.Debug-DirectML|Any CPU.ActiveCfg = Debug-DirectML|Any CPU
		{85BB1855-8C3B-4049-A2DD-1130FA6CD846}.Debug-DirectML|Any CPU.Build.0 = Debug-DirectML|Any CPU
		{85BB1855-8C3B-4049-A2DD-1130FA6CD846}.Debug-TensorRT|Any CPU.ActiveCfg = Debug-TensorRT|Any CPU
		{85BB1855-8C3B-4049-A2DD-1130FA6CD846}.Debug-TensorRT|Any CPU.Build.0 = Debug-TensorRT|Any CPU
		{85BB1855-8C3B-4049-A2DD-1130FA6CD846}.Release|Any CPU.ActiveCfg = Debug|Any CPU
		{85BB1855-8C3B-4049-A2DD-1130FA6CD846}.Release|Any CPU.Build.0 = Debug|Any CPU
		{85BB1855-8C3B-4049-A2DD-1130FA6CD846}.Release-Cuda|Any CPU.ActiveCfg = Release-Cuda|Any CPU
		{85BB1855-8C3B-4049-A2DD-1130FA6CD846}.Release-Cuda|Any CPU.Build.0 = Release-Cuda|Any CPU
		{85BB1855-8C3B-4049-A2DD-1130FA6CD846}.Release-DirectML|Any CPU.ActiveCfg = Release-DirectML|Any CPU
		{85BB1855-8C3B-4049-A2DD-1130FA6CD846}.Release-DirectML|Any CPU.Build.0 = Release-DirectML|Any CPU
		{85BB1855-8C3B-4049-A2DD-1130FA6CD846}.Release-TensorRT|Any CPU.ActiveCfg = Release-TensorRT|Any CPU
		{85BB1855-8C3B-4049-A2DD-1130FA6CD846}.Release-TensorRT|Any CPU.Build.0 = Release-TensorRT|Any CPU
		{A33D08BF-7881-4910-8439-5AE46646C1DD}.Debug|Any CPU.ActiveCfg = Debug|Any CPU
		{A33D08BF-7881-4910-8439-5AE46646C1DD}.Debug|Any CPU.Build.0 = Debug|Any CPU
		{A33D08BF-7881-4910-8439-5AE46646C1DD}.Debug-Cuda|Any CPU.ActiveCfg = Debug|Any CPU
		{A33D08BF-7881-4910-8439-5AE46646C1DD}.Debug-Cuda|Any CPU.Build.0 = Debug|Any CPU
		{A33D08BF-7881-4910-8439-5AE46646C1DD}.Debug-DirectML|Any CPU.ActiveCfg = Debug|Any CPU
		{A33D08BF-7881-4910-8439-5AE46646C1DD}.Debug-DirectML|Any CPU.Build.0 = Debug|Any CPU
		{A33D08BF-7881-4910-8439-5AE46646C1DD}.Debug-TensorRT|Any CPU.ActiveCfg = Debug|Any CPU
		{A33D08BF-7881-4910-8439-5AE46646C1DD}.Debug-TensorRT|Any CPU.Build.0 = Debug|Any CPU
		{A33D08BF-7881-4910-8439-5AE46646C1DD}.Release|Any CPU.ActiveCfg = Debug|Any CPU
		{A33D08BF-7881-4910-8439-5AE46646C1DD}.Release|Any CPU.Build.0 = Debug|Any CPU
		{A33D08BF-7881-4910-8439-5AE46646C1DD}.Release-Cuda|Any CPU.ActiveCfg = Release|Any CPU
		{A33D08BF-7881-4910-8439-5AE46646C1DD}.Release-Cuda|Any CPU.Build.0 = Release|Any CPU
		{A33D08BF-7881-4910-8439-5AE46646C1DD}.Release-DirectML|Any CPU.ActiveCfg = Release|Any CPU
		{A33D08BF-7881-4910-8439-5AE46646C1DD}.Release-DirectML|Any CPU.Build.0 = Release|Any CPU
		{A33D08BF-7881-4910-8439-5AE46646C1DD}.Release-TensorRT|Any CPU.ActiveCfg = Release|Any CPU
		{A33D08BF-7881-4910-8439-5AE46646C1DD}.Release-TensorRT|Any CPU.Build.0 = Release|Any CPU
	EndGlobalSection
	GlobalSection(SolutionProperties) = preSolution
		HideSolutionNode = FALSE
	EndGlobalSection
	GlobalSection(ExtensibilityGlobals) = postSolution
		SolutionGuid = {25711C54-70BD-41B2-8F35-70C810B035CB}
	EndGlobalSection
EndGlobal
